{
  "object": {
    "pins": [
      {
        "package": "YumemiWeather",
        "repositoryURL": "git@github.com:yumemi/ios-training.git",
        "state": {
          "branch": null,
          "revision": "2d3fba3a07a5dcb994c860438e73a4b455633d04",
          "version": "1.0.2"
        }
      }
    ]
  },
  "version": 1
}
