{
  "object": {
    "pins": [
      {
        "package": "YumemiWeather",
        "repositoryURL": "git@github.com:yumemi/ios-training.git",
        "state": {
          "branch": null,
          "revision": "97bd52a16f344dfe71a2f45bd9a0c89464a55abc",
          "version": "1.0.1"
        }
      }
    ]
  },
  "version": 1
}
