// !$*UTF8*$!
{
	archiveVersion = 1;
	classes = {
	};
	objectVersion = 52;
	objects = {

/* Begin PBXBuildFile section */
		502BACA2243209E90019B403 /* AppDelegate.swift in Sources */ = {isa = PBXBuildFile; fileRef = 502BACA1243209E90019B403 /* AppDelegate.swift */; };
		502BACA4243209E90019B403 /* SceneDelegate.swift in Sources */ = {isa = PBXBuildFile; fileRef = 502BACA3243209E90019B403 /* SceneDelegate.swift */; };
		502BACA6243209E90019B403 /* ViewController.swift in Sources */ = {isa = PBXBuildFile; fileRef = 502BACA5243209E90019B403 /* ViewController.swift */; };
		502BACA9243209E90019B403 /* Main.storyboard in Resources */ = {isa = PBXBuildFile; fileRef = 502BACA7243209E90019B403 /* Main.storyboard */; };
		502BACAB243209EA0019B403 /* Assets.xcassets in Resources */ = {isa = PBXBuildFile; fileRef = 502BACAA243209EA0019B403 /* Assets.xcassets */; };
		502BACAE243209EA0019B403 /* LaunchScreen.storyboard in Resources */ = {isa = PBXBuildFile; fileRef = 502BACAC243209EA0019B403 /* LaunchScreen.storyboard */; };
		502BACB9243209EA0019B403 /* ExampleTests.swift in Sources */ = {isa = PBXBuildFile; fileRef = 502BACB8243209EA0019B403 /* ExampleTests.swift */; };
		502BACC4243209EA0019B403 /* ExampleUITests.swift in Sources */ = {isa = PBXBuildFile; fileRef = 502BACC3243209EA0019B403 /* ExampleUITests.swift */; };
		502BACD92432108F0019B403 /* R.generated.swift in Sources */ = {isa = PBXBuildFile; fileRef = 502BACD82432108F0019B403 /* R.generated.swift */; };
		50C438562432EB43008269CF /* Rswift in Frameworks */ = {isa = PBXBuildFile; productRef = 50C438552432EB43008269CF /* Rswift */; };
/* End PBXBuildFile section */

/* Begin PBXContainerItemProxy section */
		502BACB5243209EA0019B403 /* PBXContainerItemProxy */ = {
			isa = PBXContainerItemProxy;
			containerPortal = 502BAC96243209E80019B403 /* Project object */;
			proxyType = 1;
			remoteGlobalIDString = 502BAC9D243209E80019B403;
			remoteInfo = Example;
		};
		502BACC0243209EA0019B403 /* PBXContainerItemProxy */ = {
			isa = PBXContainerItemProxy;
			containerPortal = 502BAC96243209E80019B403 /* Project object */;
			proxyType = 1;
			remoteGlobalIDString = 502BAC9D243209E80019B403;
			remoteInfo = Example;
		};
/* End PBXContainerItemProxy section */

/* Begin PBXFileReference section */
		502BAC9E243209E90019B403 /* Example.app */ = {isa = PBXFileReference; explicitFileType = wrapper.application; includeInIndex = 0; path = Example.app; sourceTree = BUILT_PRODUCTS_DIR; };
		502BACA1243209E90019B403 /* AppDelegate.swift */ = {isa = PBXFileReference; lastKnownFileType = sourcecode.swift; path = AppDelegate.swift; sourceTree = "<group>"; };
		502BACA3243209E90019B403 /* SceneDelegate.swift */ = {isa = PBXFileReference; lastKnownFileType = sourcecode.swift; path = SceneDelegate.swift; sourceTree = "<group>"; };
		502BACA5243209E90019B403 /* ViewController.swift */ = {isa = PBXFileReference; lastKnownFileType = sourcecode.swift; path = ViewController.swift; sourceTree = "<group>"; };
		502BACA8243209E90019B403 /* Base */ = {isa = PBXFileReference; lastKnownFileType = file.storyboard; name = Base; path = Base.lproj/Main.storyboard; sourceTree = "<group>"; };
		502BACAA243209EA0019B403 /* Assets.xcassets */ = {isa = PBXFileReference; lastKnownFileType = folder.assetcatalog; path = Assets.xcassets; sourceTree = "<group>"; };
		502BACAD243209EA0019B403 /* Base */ = {isa = PBXFileReference; lastKnownFileType = file.storyboard; name = Base; path = Base.lproj/LaunchScreen.storyboard; sourceTree = "<group>"; };
		502BACAF243209EA0019B403 /* Info.plist */ = {isa = PBXFileReference; lastKnownFileType = text.plist.xml; path = Info.plist; sourceTree = "<group>"; };
		502BACB4243209EA0019B403 /* ExampleTests.xctest */ = {isa = PBXFileReference; explicitFileType = wrapper.cfbundle; includeInIndex = 0; path = ExampleTests.xctest; sourceTree = BUILT_PRODUCTS_DIR; };
		502BACB8243209EA0019B403 /* ExampleTests.swift */ = {isa = PBXFileReference; lastKnownFileType = sourcecode.swift; path = ExampleTests.swift; sourceTree = "<group>"; };
		502BACBA243209EA0019B403 /* Info.plist */ = {isa = PBXFileReference; lastKnownFileType = text.plist.xml; path = Info.plist; sourceTree = "<group>"; };
		502BACBF243209EA0019B403 /* ExampleUITests.xctest */ = {isa = PBXFileReference; explicitFileType = wrapper.cfbundle; includeInIndex = 0; path = ExampleUITests.xctest; sourceTree = BUILT_PRODUCTS_DIR; };
		502BACC3243209EA0019B403 /* ExampleUITests.swift */ = {isa = PBXFileReference; lastKnownFileType = sourcecode.swift; path = ExampleUITests.swift; sourceTree = "<group>"; };
		502BACC5243209EA0019B403 /* Info.plist */ = {isa = PBXFileReference; lastKnownFileType = text.plist.xml; path = Info.plist; sourceTree = "<group>"; };
		502BACD82432108F0019B403 /* R.generated.swift */ = {isa = PBXFileReference; fileEncoding = 4; lastKnownFileType = sourcecode.swift; path = R.generated.swift; sourceTree = "<group>"; };
/* End PBXFileReference section */

/* Begin PBXFrameworksBuildPhase section */
		502BAC9B243209E80019B403 /* Frameworks */ = {
			isa = PBXFrameworksBuildPhase;
			buildActionMask = 2147483647;
			files = (
				50C438562432EB43008269CF /* Rswift in Frameworks */,
			);
			runOnlyForDeploymentPostprocessing = 0;
		};
		502BACB1243209EA0019B403 /* Frameworks */ = {
			isa = PBXFrameworksBuildPhase;
			buildActionMask = 2147483647;
			files = (
			);
			runOnlyForDeploymentPostprocessing = 0;
		};
		502BACBC243209EA0019B403 /* Frameworks */ = {
			isa = PBXFrameworksBuildPhase;
			buildActionMask = 2147483647;
			files = (
			);
			runOnlyForDeploymentPostprocessing = 0;
		};
/* End PBXFrameworksBuildPhase section */

/* Begin PBXGroup section */
		502BAC95243209E80019B403 = {
			isa = PBXGroup;
			children = (
				502BACA0243209E90019B403 /* Example */,
				502BACB7243209EA0019B403 /* ExampleTests */,
				502BACC2243209EA0019B403 /* ExampleUITests */,
				502BAC9F243209E90019B403 /* Products */,
			);
			sourceTree = "<group>";
		};
		502BAC9F243209E90019B403 /* Products */ = {
			isa = PBXGroup;
			children = (
				502BAC9E243209E90019B403 /* Example.app */,
				502BACB4243209EA0019B403 /* ExampleTests.xctest */,
				502BACBF243209EA0019B403 /* ExampleUITests.xctest */,
			);
			name = Products;
			sourceTree = "<group>";
		};
		502BACA0243209E90019B403 /* Example */ = {
			isa = PBXGroup;
			children = (
				502BACA1243209E90019B403 /* AppDelegate.swift */,
				502BACA3243209E90019B403 /* SceneDelegate.swift */,
				502BACA5243209E90019B403 /* ViewController.swift */,
				502BACA7243209E90019B403 /* Main.storyboard */,
				502BACAA243209EA0019B403 /* Assets.xcassets */,
				502BACAC243209EA0019B403 /* LaunchScreen.storyboard */,
				502BACAF243209EA0019B403 /* Info.plist */,
				502BACD82432108F0019B403 /* R.generated.swift */,
			);
			path = Example;
			sourceTree = "<group>";
		};
		502BACB7243209EA0019B403 /* ExampleTests */ = {
			isa = PBXGroup;
			children = (
				502BACB8243209EA0019B403 /* ExampleTests.swift */,
				502BACBA243209EA0019B403 /* Info.plist */,
			);
			path = ExampleTests;
			sourceTree = "<group>";
		};
		502BACC2243209EA0019B403 /* ExampleUITests */ = {
			isa = PBXGroup;
			children = (
				502BACC3243209EA0019B403 /* ExampleUITests.swift */,
				502BACC5243209EA0019B403 /* Info.plist */,
			);
			path = ExampleUITests;
			sourceTree = "<group>";
		};
/* End PBXGroup section */

/* Begin PBXNativeTarget section */
		502BAC9D243209E80019B403 /* Example */ = {
			isa = PBXNativeTarget;
			buildConfigurationList = 502BACC8243209EA0019B403 /* Build configuration list for PBXNativeTarget "Example" */;
			buildPhases = (
				502BACD7243210190019B403 /* R.swift */,
				502BAC9A243209E80019B403 /* Sources */,
				502BAC9B243209E80019B403 /* Frameworks */,
				502BAC9C243209E80019B403 /* Resources */,
			);
			buildRules = (
			);
			dependencies = (
			);
			name = Example;
			packageProductDependencies = (
				50C438552432EB43008269CF /* Rswift */,
			);
			productName = Example;
			productReference = 502BAC9E243209E90019B403 /* Example.app */;
			productType = "com.apple.product-type.application";
		};
		502BACB3243209EA0019B403 /* ExampleTests */ = {
			isa = PBXNativeTarget;
			buildConfigurationList = 502BACCB243209EA0019B403 /* Build configuration list for PBXNativeTarget "ExampleTests" */;
			buildPhases = (
				502BACB0243209EA0019B403 /* Sources */,
				502BACB1243209EA0019B403 /* Frameworks */,
				502BACB2243209EA0019B403 /* Resources */,
			);
			buildRules = (
			);
			dependencies = (
				502BACB6243209EA0019B403 /* PBXTargetDependency */,
			);
			name = ExampleTests;
			productName = ExampleTests;
			productReference = 502BACB4243209EA0019B403 /* ExampleTests.xctest */;
			productType = "com.apple.product-type.bundle.unit-test";
		};
		502BACBE243209EA0019B403 /* ExampleUITests */ = {
			isa = PBXNativeTarget;
			buildConfigurationList = 502BACCE243209EA0019B403 /* Build configuration list for PBXNativeTarget "ExampleUITests" */;
			buildPhases = (
				502BACBB243209EA0019B403 /* Sources */,
				502BACBC243209EA0019B403 /* Frameworks */,
				502BACBD243209EA0019B403 /* Resources */,
			);
			buildRules = (
			);
			dependencies = (
				502BACC1243209EA0019B403 /* PBXTargetDependency */,
			);
			name = ExampleUITests;
			productName = ExampleUITests;
			productReference = 502BACBF243209EA0019B403 /* ExampleUITests.xctest */;
			productType = "com.apple.product-type.bundle.ui-testing";
		};
/* End PBXNativeTarget section */

/* Begin PBXProject section */
		502BAC96243209E80019B403 /* Project object */ = {
			isa = PBXProject;
			attributes = {
				LastSwiftUpdateCheck = 1140;
				LastUpgradeCheck = 1140;
				ORGANIZATIONNAME = "YUMEMI Inc.";
				TargetAttributes = {
					502BAC9D243209E80019B403 = {
						CreatedOnToolsVersion = 11.4;
					};
					502BACB3243209EA0019B403 = {
						CreatedOnToolsVersion = 11.4;
						TestTargetID = 502BAC9D243209E80019B403;
					};
					502BACBE243209EA0019B403 = {
						CreatedOnToolsVersion = 11.4;
						TestTargetID = 502BAC9D243209E80019B403;
					};
				};
			};
			buildConfigurationList = 502BAC99243209E80019B403 /* Build configuration list for PBXProject "Example" */;
			compatibilityVersion = "Xcode 9.3";
			developmentRegion = en;
			hasScannedForEncodings = 0;
			knownRegions = (
				en,
				Base,
			);
			mainGroup = 502BAC95243209E80019B403;
			packageReferences = (
				50C438542432EB43008269CF /* XCRemoteSwiftPackageReference "R.swift" */,
			);
			productRefGroup = 502BAC9F243209E90019B403 /* Products */;
			projectDirPath = "";
			projectRoot = "";
			targets = (
				502BAC9D243209E80019B403 /* Example */,
				502BACB3243209EA0019B403 /* ExampleTests */,
				502BACBE243209EA0019B403 /* ExampleUITests */,
			);
		};
/* End PBXProject section */

/* Begin PBXResourcesBuildPhase section */
		502BAC9C243209E80019B403 /* Resources */ = {
			isa = PBXResourcesBuildPhase;
			buildActionMask = 2147483647;
			files = (
				502BACAE243209EA0019B403 /* LaunchScreen.storyboard in Resources */,
				502BACAB243209EA0019B403 /* Assets.xcassets in Resources */,
				502BACA9243209E90019B403 /* Main.storyboard in Resources */,
			);
			runOnlyForDeploymentPostprocessing = 0;
		};
		502BACB2243209EA0019B403 /* Resources */ = {
			isa = PBXResourcesBuildPhase;
			buildActionMask = 2147483647;
			files = (
			);
			runOnlyForDeploymentPostprocessing = 0;
		};
		502BACBD243209EA0019B403 /* Resources */ = {
			isa = PBXResourcesBuildPhase;
			buildActionMask = 2147483647;
			files = (
			);
			runOnlyForDeploymentPostprocessing = 0;
		};
/* End PBXResourcesBuildPhase section */

/* Begin PBXShellScriptBuildPhase section */
		502BACD7243210190019B403 /* R.swift */ = {
			isa = PBXShellScriptBuildPhase;
			buildActionMask = 2147483647;
			files = (
			);
			inputFileListPaths = (
			);
			inputPaths = (
				"$TEMP_DIR/rswift-lastrun",
			);
			name = R.swift;
			outputFileListPaths = (
			);
			outputPaths = (
				$SRCROOT/$PRODUCT_NAME/R.generated.swift,
			);
			runOnlyForDeploymentPostprocessing = 0;
			shellPath = /bin/sh;
			shellScript = "if mint list | grep -q 'R.swift'; then\n  mint run R.swift rswift generate \"$SRCROOT/$PRODUCT_NAME/R.generated.swift\"\nelse\n  echo \"error: R.swift not installed; run 'mint bootstrap' to install\"\n  return -1\nfi\n";
		};
/* End PBXShellScriptBuildPhase section */

/* Begin PBXSourcesBuildPhase section */
		502BAC9A243209E80019B403 /* Sources */ = {
			isa = PBXSourcesBuildPhase;
			buildActionMask = 2147483647;
			files = (
				502BACA6243209E90019B403 /* ViewController.swift in Sources */,
				502BACA2243209E90019B403 /* AppDelegate.swift in Sources */,
				502BACA4243209E90019B403 /* SceneDelegate.swift in Sources */,
				502BACD92432108F0019B403 /* R.generated.swift in Sources */,
			);
			runOnlyForDeploymentPostprocessing = 0;
		};
		502BACB0243209EA0019B403 /* Sources */ = {
			isa = PBXSourcesBuildPhase;
			buildActionMask = 2147483647;
			files = (
				502BACB9243209EA0019B403 /* ExampleTests.swift in Sources */,
			);
			runOnlyForDeploymentPostprocessing = 0;
		};
		502BACBB243209EA0019B403 /* Sources */ = {
			isa = PBXSourcesBuildPhase;
			buildActionMask = 2147483647;
			files = (
				502BACC4243209EA0019B403 /* ExampleUITests.swift in Sources */,
			);
			runOnlyForDeploymentPostprocessing = 0;
		};
/* End PBXSourcesBuildPhase section */

/* Begin PBXTargetDependency section */
		502BACB6243209EA0019B403 /* PBXTargetDependency */ = {
			isa = PBXTargetDependency;
			target = 502BAC9D243209E80019B403 /* Example */;
			targetProxy = 502BACB5243209EA0019B403 /* PBXContainerItemProxy */;
		};
		502BACC1243209EA0019B403 /* PBXTargetDependency */ = {
			isa = PBXTargetDependency;
			target = 502BAC9D243209E80019B403 /* Example */;
			targetProxy = 502BACC0243209EA0019B403 /* PBXContainerItemProxy */;
		};
/* End PBXTargetDependency section */

/* Begin PBXVariantGroup section */
		502BACA7243209E90019B403 /* Main.storyboard */ = {
			isa = PBXVariantGroup;
			children = (
				502BACA8243209E90019B403 /* Base */,
			);
			name = Main.storyboard;
			sourceTree = "<group>";
		};
		502BACAC243209EA0019B403 /* LaunchScreen.storyboard */ = {
			isa = PBXVariantGroup;
			children = (
				502BACAD243209EA0019B403 /* Base */,
			);
			name = LaunchScreen.storyboard;
			sourceTree = "<group>";
		};
/* End PBXVariantGroup section */

/* Begin XCBuildConfiguration section */
		502BACC6243209EA0019B403 /* Debug */ = {
			isa = XCBuildConfiguration;
			buildSettings = {
				ALWAYS_SEARCH_USER_PATHS = NO;
				CLANG_ANALYZER_NONNULL = YES;
				CLANG_ANALYZER_NUMBER_OBJECT_CONVERSION = YES_AGGRESSIVE;
				CLANG_CXX_LANGUAGE_STANDARD = "gnu++14";
				CLANG_CXX_LIBRARY = "libc++";
				CLANG_ENABLE_MODULES = YES;
				CLANG_ENABLE_OBJC_ARC = YES;
				CLANG_ENABLE_OBJC_WEAK = YES;
				CLANG_WARN_BLOCK_CAPTURE_AUTORELEASING = YES;
				CLANG_WARN_BOOL_CONVERSION = YES;
				CLANG_WARN_COMMA = YES;
				CLANG_WARN_CONSTANT_CONVERSION = YES;
				CLANG_WARN_DEPRECATED_OBJC_IMPLEMENTATIONS = YES;
				CLANG_WARN_DIRECT_OBJC_ISA_USAGE = YES_ERROR;
				CLANG_WARN_DOCUMENTATION_COMMENTS = YES;
				CLANG_WARN_EMPTY_BODY = YES;
				CLANG_WARN_ENUM_CONVERSION = YES;
				CLANG_WARN_INFINITE_RECURSION = YES;
				CLANG_WARN_INT_CONVERSION = YES;
				CLANG_WARN_NON_LITERAL_NULL_CONVERSION = YES;
				CLANG_WARN_OBJC_IMPLICIT_RETAIN_SELF = YES;
				CLANG_WARN_OBJC_LITERAL_CONVERSION = YES;
				CLANG_WARN_OBJC_ROOT_CLASS = YES_ERROR;
				CLANG_WARN_RANGE_LOOP_ANALYSIS = YES;
				CLANG_WARN_STRICT_PROTOTYPES = YES;
				CLANG_WARN_SUSPICIOUS_MOVE = YES;
				CLANG_WARN_UNGUARDED_AVAILABILITY = YES_AGGRESSIVE;
				CLANG_WARN_UNREACHABLE_CODE = YES;
				CLANG_WARN__DUPLICATE_METHOD_MATCH = YES;
				COPY_PHASE_STRIP = NO;
				DEBUG_INFORMATION_FORMAT = dwarf;
				ENABLE_STRICT_OBJC_MSGSEND = YES;
				ENABLE_TESTABILITY = YES;
				GCC_C_LANGUAGE_STANDARD = gnu11;
				GCC_DYNAMIC_NO_PIC = NO;
				GCC_NO_COMMON_BLOCKS = YES;
				GCC_OPTIMIZATION_LEVEL = 0;
				GCC_PREPROCESSOR_DEFINITIONS = (
					"DEBUG=1",
					"$(inherited)",
				);
				GCC_WARN_64_TO_32_BIT_CONVERSION = YES;
				GCC_WARN_ABOUT_RETURN_TYPE = YES_ERROR;
				GCC_WARN_UNDECLARED_SELECTOR = YES;
				GCC_WARN_UNINITIALIZED_AUTOS = YES_AGGRESSIVE;
				GCC_WARN_UNUSED_FUNCTION = YES;
				GCC_WARN_UNUSED_VARIABLE = YES;
				IPHONEOS_DEPLOYMENT_TARGET = 13.4;
				MTL_ENABLE_DEBUG_INFO = INCLUDE_SOURCE;
				MTL_FAST_MATH = YES;
				ONLY_ACTIVE_ARCH = YES;
				SDKROOT = iphoneos;
				SWIFT_ACTIVE_COMPILATION_CONDITIONS = DEBUG;
				SWIFT_OPTIMIZATION_LEVEL = "-Onone";
			};
			name = Debug;
		};
		502BACC7243209EA0019B403 /* Release */ = {
			isa = XCBuildConfiguration;
			buildSettings = {
				ALWAYS_SEARCH_USER_PATHS = NO;
				CLANG_ANALYZER_NONNULL = YES;
				CLANG_ANALYZER_NUMBER_OBJECT_CONVERSION = YES_AGGRESSIVE;
				CLANG_CXX_LANGUAGE_STANDARD = "gnu++14";
				CLANG_CXX_LIBRARY = "libc++";
				CLANG_ENABLE_MODULES = YES;
				CLANG_ENABLE_OBJC_ARC = YES;
				CLANG_ENABLE_OBJC_WEAK = YES;
				CLANG_WARN_BLOCK_CAPTURE_AUTORELEASING = YES;
				CLANG_WARN_BOOL_CONVERSION = YES;
				CLANG_WARN_COMMA = YES;
				CLANG_WARN_CONSTANT_CONVERSION = YES;
				CLANG_WARN_DEPRECATED_OBJC_IMPLEMENTATIONS = YES;
				CLANG_WARN_DIRECT_OBJC_ISA_USAGE = YES_ERROR;
				CLANG_WARN_DOCUMENTATION_COMMENTS = YES;
				CLANG_WARN_EMPTY_BODY = YES;
				CLANG_WARN_ENUM_CONVERSION = YES;
				CLANG_WARN_INFINITE_RECURSION = YES;
				CLANG_WARN_INT_CONVERSION = YES;
				CLANG_WARN_NON_LITERAL_NULL_CONVERSION = YES;
				CLANG_WARN_OBJC_IMPLICIT_RETAIN_SELF = YES;
				CLANG_WARN_OBJC_LITERAL_CONVERSION = YES;
				CLANG_WARN_OBJC_ROOT_CLASS = YES_ERROR;
				CLANG_WARN_RANGE_LOOP_ANALYSIS = YES;
				CLANG_WARN_STRICT_PROTOTYPES = YES;
				CLANG_WARN_SUSPICIOUS_MOVE = YES;
				CLANG_WARN_UNGUARDED_AVAILABILITY = YES_AGGRESSIVE;
				CLANG_WARN_UNREACHABLE_CODE = YES;
				CLANG_WARN__DUPLICATE_METHOD_MATCH = YES;
				COPY_PHASE_STRIP = NO;
				DEBUG_INFORMATION_FORMAT = "dwarf-with-dsym";
				ENABLE_NS_ASSERTIONS = NO;
				ENABLE_STRICT_OBJC_MSGSEND = YES;
				GCC_C_LANGUAGE_STANDARD = gnu11;
				GCC_NO_COMMON_BLOCKS = YES;
				GCC_WARN_64_TO_32_BIT_CONVERSION = YES;
				GCC_WARN_ABOUT_RETURN_TYPE = YES_ERROR;
				GCC_WARN_UNDECLARED_SELECTOR = YES;
				GCC_WARN_UNINITIALIZED_AUTOS = YES_AGGRESSIVE;
				GCC_WARN_UNUSED_FUNCTION = YES;
				GCC_WARN_UNUSED_VARIABLE = YES;
				IPHONEOS_DEPLOYMENT_TARGET = 13.4;
				MTL_ENABLE_DEBUG_INFO = NO;
				MTL_FAST_MATH = YES;
				SDKROOT = iphoneos;
				SWIFT_COMPILATION_MODE = wholemodule;
				SWIFT_OPTIMIZATION_LEVEL = "-O";
				VALIDATE_PRODUCT = YES;
			};
			name = Release;
		};
		502BACC9243209EA0019B403 /* Debug */ = {
			isa = XCBuildConfiguration;
			buildSettings = {
				ASSETCATALOG_COMPILER_APPICON_NAME = AppIcon;
				CODE_SIGN_STYLE = Automatic;
				DEVELOPMENT_TEAM = S7G9J68NLX;
				INFOPLIST_FILE = Example/Info.plist;
				LD_RUNPATH_SEARCH_PATHS = (
					"$(inherited)",
					"@executable_path/Frameworks",
				);
				PRODUCT_BUNDLE_IDENTIFIER = jp.co.yumemi.Example;
				PRODUCT_NAME = "$(TARGET_NAME)";
				SWIFT_VERSION = 5.0;
				TARGETED_DEVICE_FAMILY = "1,2";
			};
			name = Debug;
		};
		502BACCA243209EA0019B403 /* Release */ = {
			isa = XCBuildConfiguration;
			buildSettings = {
				ASSETCATALOG_COMPILER_APPICON_NAME = AppIcon;
				CODE_SIGN_STYLE = Automatic;
				DEVELOPMENT_TEAM = S7G9J68NLX;
				INFOPLIST_FILE = Example/Info.plist;
				LD_RUNPATH_SEARCH_PATHS = (
					"$(inherited)",
					"@executable_path/Frameworks",
				);
				PRODUCT_BUNDLE_IDENTIFIER = jp.co.yumemi.Example;
				PRODUCT_NAME = "$(TARGET_NAME)";
				SWIFT_VERSION = 5.0;
				TARGETED_DEVICE_FAMILY = "1,2";
			};
			name = Release;
		};
		502BACCC243209EA0019B403 /* Debug */ = {
			isa = XCBuildConfiguration;
			buildSettings = {
				ALWAYS_EMBED_SWIFT_STANDARD_LIBRARIES = YES;
				BUNDLE_LOADER = "$(TEST_HOST)";
				CODE_SIGN_STYLE = Automatic;
				DEVELOPMENT_TEAM = S7G9J68NLX;
				INFOPLIST_FILE = ExampleTests/Info.plist;
				IPHONEOS_DEPLOYMENT_TARGET = 13.4;
				LD_RUNPATH_SEARCH_PATHS = (
					"$(inherited)",
					"@executable_path/Frameworks",
					"@loader_path/Frameworks",
				);
				PRODUCT_BUNDLE_IDENTIFIER = jp.co.yumemi.ExampleTests;
				PRODUCT_NAME = "$(TARGET_NAME)";
				SWIFT_VERSION = 5.0;
				TARGETED_DEVICE_FAMILY = "1,2";
				TEST_HOST = "$(BUILT_PRODUCTS_DIR)/Example.app/Example";
			};
			name = Debug;
		};
		502BACCD243209EA0019B403 /* Release */ = {
			isa = XCBuildConfiguration;
			buildSettings = {
				ALWAYS_EMBED_SWIFT_STANDARD_LIBRARIES = YES;
				BUNDLE_LOADER = "$(TEST_HOST)";
				CODE_SIGN_STYLE = Automatic;
				DEVELOPMENT_TEAM = S7G9J68NLX;
				INFOPLIST_FILE = ExampleTests/Info.plist;
				IPHONEOS_DEPLOYMENT_TARGET = 13.4;
				LD_RUNPATH_SEARCH_PATHS = (
					"$(inherited)",
					"@executable_path/Frameworks",
					"@loader_path/Frameworks",
				);
				PRODUCT_BUNDLE_IDENTIFIER = jp.co.yumemi.ExampleTests;
				PRODUCT_NAME = "$(TARGET_NAME)";
				SWIFT_VERSION = 5.0;
				TARGETED_DEVICE_FAMILY = "1,2";
				TEST_HOST = "$(BUILT_PRODUCTS_DIR)/Example.app/Example";
			};
			name = Release;
		};
		502BACCF243209EA0019B403 /* Debug */ = {
			isa = XCBuildConfiguration;
			buildSettings = {
				ALWAYS_EMBED_SWIFT_STANDARD_LIBRARIES = YES;
				CODE_SIGN_STYLE = Automatic;
				DEVELOPMENT_TEAM = S7G9J68NLX;
				INFOPLIST_FILE = ExampleUITests/Info.plist;
				LD_RUNPATH_SEARCH_PATHS = (
					"$(inherited)",
					"@executable_path/Frameworks",
					"@loader_path/Frameworks",
				);
				PRODUCT_BUNDLE_IDENTIFIER = jp.co.yumemi.ExampleUITests;
				PRODUCT_NAME = "$(TARGET_NAME)";
				SWIFT_VERSION = 5.0;
				TARGETED_DEVICE_FAMILY = "1,2";
				TEST_TARGET_NAME = Example;
			};
			name = Debug;
		};
		502BACD0243209EA0019B403 /* Release */ = {
			isa = XCBuildConfiguration;
			buildSettings = {
				ALWAYS_EMBED_SWIFT_STANDARD_LIBRARIES = YES;
				CODE_SIGN_STYLE = Automatic;
				DEVELOPMENT_TEAM = S7G9J68NLX;
				INFOPLIST_FILE = ExampleUITests/Info.plist;
				LD_RUNPATH_SEARCH_PATHS = (
					"$(inherited)",
					"@executable_path/Frameworks",
					"@loader_path/Frameworks",
				);
				PRODUCT_BUNDLE_IDENTIFIER = jp.co.yumemi.ExampleUITests;
				PRODUCT_NAME = "$(TARGET_NAME)";
				SWIFT_VERSION = 5.0;
				TARGETED_DEVICE_FAMILY = "1,2";
				TEST_TARGET_NAME = Example;
			};
			name = Release;
		};
/* End XCBuildConfiguration section */

/* Begin XCConfigurationList section */
		502BAC99243209E80019B403 /* Build configuration list for PBXProject "Example" */ = {
			isa = XCConfigurationList;
			buildConfigurations = (
				502BACC6243209EA0019B403 /* Debug */,
				502BACC7243209EA0019B403 /* Release */,
			);
			defaultConfigurationIsVisible = 0;
			defaultConfigurationName = Release;
		};
		502BACC8243209EA0019B403 /* Build configuration list for PBXNativeTarget "Example" */ = {
			isa = XCConfigurationList;
			buildConfigurations = (
				502BACC9243209EA0019B403 /* Debug */,
				502BACCA243209EA0019B403 /* Release */,
			);
			defaultConfigurationIsVisible = 0;
			defaultConfigurationName = Release;
		};
		502BACCB243209EA0019B403 /* Build configuration list for PBXNativeTarget "ExampleTests" */ = {
			isa = XCConfigurationList;
			buildConfigurations = (
				502BACCC243209EA0019B403 /* Debug */,
				502BACCD243209EA0019B403 /* Release */,
			);
			defaultConfigurationIsVisible = 0;
			defaultConfigurationName = Release;
		};
		502BACCE243209EA0019B403 /* Build configuration list for PBXNativeTarget "ExampleUITests" */ = {
			isa = XCConfigurationList;
			buildConfigurations = (
				502BACCF243209EA0019B403 /* Debug */,
				502BACD0243209EA0019B403 /* Release */,
			);
			defaultConfigurationIsVisible = 0;
			defaultConfigurationName = Release;
		};
/* End XCConfigurationList section */

/* Begin XCRemoteSwiftPackageReference section */
		50C438542432EB43008269CF /* XCRemoteSwiftPackageReference "R.swift" */ = {
			isa = XCRemoteSwiftPackageReference;
			repositoryURL = "https://github.com/mac-cain13/R.swift.Library";
			requirement = {
				kind = upToNextMajorVersion;
				minimumVersion = 5.1.0;
			};
		};
/* End XCRemoteSwiftPackageReference section */

/* Begin XCSwiftPackageProductDependency section */
		50C438552432EB43008269CF /* Rswift */ = {
			isa = XCSwiftPackageProductDependency;
			package = 50C438542432EB43008269CF /* XCRemoteSwiftPackageReference "R.swift" */;
			productName = Rswift;
		};
/* End XCSwiftPackageProductDependency section */
	};
	rootObject = 502BAC96243209E80019B403 /* Project object */;
}
